
Microsoft Visual Studio Solution File, Format Version 12.00
# Visual Studio Version 17
VisualStudioVersion = 17.6.33723.286
MinimumVisualStudioVersion = 10.0.40219.1
Project("{FAE04EC0-301F-11D3-BF4B-00C04F79EFBC}") = "DependencyInjectionPractice", "DependencyInjectionPractice.csproj", "{A5E27203-2706-41B4-B26F-A2FE10C1250A}"
EndProject
Global
	GlobalSection(SolutionConfigurationPlatforms) = preSolution
		Debug|Any CPU = Debug|Any CPU
		Release|Any CPU = Release|Any CPU
	EndGlobalSection
	GlobalSection(ProjectConfigurationPlatforms) = postSolution
		{A5E27203-2706-41B4-B26F-A2FE10C1250A}.Debug|Any CPU.ActiveCfg = Debug|Any CPU
		{A5E27203-2706-41B4-B26F-A2FE10C1250A}.Debug|Any CPU.Build.0 = Debug|Any CPU
		{A5E27203-2706-41B4-B26F-A2FE10C1250A}.Release|Any CPU.ActiveCfg = Release|Any CPU
		{A5E27203-2706-41B4-B26F-A2FE10C1250A}.Release|Any CPU.Build.0 = Release|Any CPU
	EndGlobalSection
	GlobalSection(SolutionProperties) = preSolution
		HideSolutionNode = FALSE
	EndGlobalSection
	GlobalSection(ExtensibilityGlobals) = postSolution
		SolutionGuid = {69F7151D-F33D-44C8-8132-856DCAFB579A}
	EndGlobalSection
EndGlobal
