Microsoft Visual Studio Solution File, Format Version 12.00
# Visual Studio Version 17
VisualStudioVersion = 17.6.33723.286
MinimumVisualStudioVersion = 10.0.40219.1
Project("{FAE04EC0-301F-11D3-BF4B-00C04F79EFBC}") = "TestApplication", "TestApplication\TestApplication.csproj", "{6F2E5BAA-7D17-448E-A7BE-090F76C15DFC}"
EndProject
Global
	GlobalSection(SolutionConfigurationPlatforms) = preSolution
		Debug|Any CPU = Debug|Any CPU
		Release|Any CPU = Release|Any CPU
	EndGlobalSection
	GlobalSection(ProjectConfigurationPlatforms) = postSolution
		{6F2E5BAA-7D17-448E-A7BE-090F76C15DFC}.Debug|Any CPU.ActiveCfg = Debug|Any CPU
		{6F2E5BAA-7D17-448E-A7BE-090F76C15DFC}.Debug|Any CPU.Build.0 = Debug|Any CPU
		{6F2E5BAA-7D17-448E-A7BE-090F76C15DFC}.Release|Any CPU.ActiveCfg = Release|Any CPU
		{6F2E5BAA-7D17-448E-A7BE-090F76C15DFC}.Release|Any CPU.Build.0 = Release|Any CPU
	EndGlobalSection
	GlobalSection(SolutionProperties) = preSolution
		HideSolutionNode = FALSE
	EndGlobalSection
	GlobalSection(ExtensibilityGlobals) = postSolution
		SolutionGuid = {0F3B3245-A3F6-4CCA-AE28-F93A0FE0DD9C}
	EndGlobalSection
EndGlobal
